// !$*UTF8*$!
{
	archiveVersion = 1;
	classes = {
	};
	objectVersion = 46;
	objects = {

/* Begin PBXBuildFile section */
		A166CE61205BABE20075730F /* AppDelegate.swift in Sources */ = {isa = PBXBuildFile; fileRef = A166CE60205BABE20075730F /* AppDelegate.swift */; };
		A166CE66205BABE20075730F /* Main.storyboard in Resources */ = {isa = PBXBuildFile; fileRef = A166CE64205BABE20075730F /* Main.storyboard */; };
		A166CE68205BABE20075730F /* Assets.xcassets in Resources */ = {isa = PBXBuildFile; fileRef = A166CE67205BABE20075730F /* Assets.xcassets */; };
		A166CE6B205BABE20075730F /* LaunchScreen.storyboard in Resources */ = {isa = PBXBuildFile; fileRef = A166CE69205BABE20075730F /* LaunchScreen.storyboard */; };
		A166CE76205BABE20075730F /* Todo_appTests.swift in Sources */ = {isa = PBXBuildFile; fileRef = A166CE75205BABE20075730F /* Todo_appTests.swift */; };
		A166CE81205BB4D20075730F /* DoList.swift in Sources */ = {isa = PBXBuildFile; fileRef = A166CE80205BB4D20075730F /* DoList.swift */; };
		A166CE83205BDD770075730F /* DisplayListViewController.swift in Sources */ = {isa = PBXBuildFile; fileRef = A166CE82205BDD770075730F /* DisplayListViewController.swift */; };
/* End PBXBuildFile section */

/* Begin PBXContainerItemProxy section */
		A166CE72205BABE20075730F /* PBXContainerItemProxy */ = {
			isa = PBXContainerItemProxy;
			containerPortal = A166CE55205BABE20075730F /* Project object */;
			proxyType = 1;
			remoteGlobalIDString = A166CE5C205BABE20075730F;
			remoteInfo = "Todo app";
		};
/* End PBXContainerItemProxy section */

/* Begin PBXFileReference section */
		A166CE5D205BABE20075730F /* Todo app.app */ = {isa = PBXFileReference; explicitFileType = wrapper.application; includeInIndex = 0; path = "Todo app.app"; sourceTree = BUILT_PRODUCTS_DIR; };
		A166CE60205BABE20075730F /* AppDelegate.swift */ = {isa = PBXFileReference; lastKnownFileType = sourcecode.swift; path = AppDelegate.swift; sourceTree = "<group>"; };
		A166CE65205BABE20075730F /* Base */ = {isa = PBXFileReference; lastKnownFileType = file.storyboard; name = Base; path = Base.lproj/Main.storyboard; sourceTree = "<group>"; };
		A166CE67205BABE20075730F /* Assets.xcassets */ = {isa = PBXFileReference; lastKnownFileType = folder.assetcatalog; path = Assets.xcassets; sourceTree = "<group>"; };
		A166CE6A205BABE20075730F /* Base */ = {isa = PBXFileReference; lastKnownFileType = file.storyboard; name = Base; path = Base.lproj/LaunchScreen.storyboard; sourceTree = "<group>"; };
		A166CE6C205BABE20075730F /* Info.plist */ = {isa = PBXFileReference; lastKnownFileType = text.plist.xml; path = Info.plist; sourceTree = "<group>"; };
		A166CE71205BABE20075730F /* Todo appTests.xctest */ = {isa = PBXFileReference; explicitFileType = wrapper.cfbundle; includeInIndex = 0; path = "Todo appTests.xctest"; sourceTree = BUILT_PRODUCTS_DIR; };
		A166CE75205BABE20075730F /* Todo_appTests.swift */ = {isa = PBXFileReference; lastKnownFileType = sourcecode.swift; path = Todo_appTests.swift; sourceTree = "<group>"; };
		A166CE77205BABE20075730F /* Info.plist */ = {isa = PBXFileReference; lastKnownFileType = text.plist.xml; path = Info.plist; sourceTree = "<group>"; };
		A166CE80205BB4D20075730F /* DoList.swift */ = {isa = PBXFileReference; fileEncoding = 4; lastKnownFileType = sourcecode.swift; path = DoList.swift; sourceTree = "<group>"; };
		A166CE82205BDD770075730F /* DisplayListViewController.swift */ = {isa = PBXFileReference; fileEncoding = 4; lastKnownFileType = sourcecode.swift; path = DisplayListViewController.swift; sourceTree = "<group>"; };
/* End PBXFileReference section */

/* Begin PBXFrameworksBuildPhase section */
		A166CE5A205BABE20075730F /* Frameworks */ = {
			isa = PBXFrameworksBuildPhase;
			buildActionMask = 2147483647;
			files = (
			);
			runOnlyForDeploymentPostprocessing = 0;
		};
		A166CE6E205BABE20075730F /* Frameworks */ = {
			isa = PBXFrameworksBuildPhase;
			buildActionMask = 2147483647;
			files = (
			);
			runOnlyForDeploymentPostprocessing = 0;
		};
/* End PBXFrameworksBuildPhase section */

/* Begin PBXGroup section */
		A166CE54205BABE20075730F = {
			isa = PBXGroup;
			children = (
				A166CE5F205BABE20075730F /* Todo app */,
				A166CE74205BABE20075730F /* Todo appTests */,
				A166CE5E205BABE20075730F /* Products */,
			);
			sourceTree = "<group>";
		};
		A166CE5E205BABE20075730F /* Products */ = {
			isa = PBXGroup;
			children = (
				A166CE5D205BABE20075730F /* Todo app.app */,
				A166CE71205BABE20075730F /* Todo appTests.xctest */,
			);
			name = Products;
			sourceTree = "<group>";
		};
		A166CE5F205BABE20075730F /* Todo app */ = {
			isa = PBXGroup;
			children = (
				A166CE60205BABE20075730F /* AppDelegate.swift */,
				A166CE64205BABE20075730F /* Main.storyboard */,
				A166CE82205BDD770075730F /* DisplayListViewController.swift */,
				A166CE67205BABE20075730F /* Assets.xcassets */,
				A166CE69205BABE20075730F /* LaunchScreen.storyboard */,
				A166CE6C205BABE20075730F /* Info.plist */,
				A166CE80205BB4D20075730F /* DoList.swift */,
			);
			path = "Todo app";
			sourceTree = "<group>";
		};
		A166CE74205BABE20075730F /* Todo appTests */ = {
			isa = PBXGroup;
			children = (
				A166CE75205BABE20075730F /* Todo_appTests.swift */,
				A166CE77205BABE20075730F /* Info.plist */,
			);
			path = "Todo appTests";
			sourceTree = "<group>";
		};
/* End PBXGroup section */

/* Begin PBXNativeTarget section */
		A166CE5C205BABE20075730F /* Todo app */ = {
			isa = PBXNativeTarget;
			buildConfigurationList = A166CE7A205BABE20075730F /* Build configuration list for PBXNativeTarget "Todo app" */;
			buildPhases = (
				A166CE59205BABE20075730F /* Sources */,
				A166CE5A205BABE20075730F /* Frameworks */,
				A166CE5B205BABE20075730F /* Resources */,
			);
			buildRules = (
			);
			dependencies = (
			);
			name = "Todo app";
			productName = "Todo app";
			productReference = A166CE5D205BABE20075730F /* Todo app.app */;
			productType = "com.apple.product-type.application";
		};
		A166CE70205BABE20075730F /* Todo appTests */ = {
			isa = PBXNativeTarget;
			buildConfigurationList = A166CE7D205BABE20075730F /* Build configuration list for PBXNativeTarget "Todo appTests" */;
			buildPhases = (
				A166CE6D205BABE20075730F /* Sources */,
				A166CE6E205BABE20075730F /* Frameworks */,
				A166CE6F205BABE20075730F /* Resources */,
			);
			buildRules = (
			);
			dependencies = (
				A166CE73205BABE20075730F /* PBXTargetDependency */,
			);
			name = "Todo appTests";
			productName = "Todo appTests";
			productReference = A166CE71205BABE20075730F /* Todo appTests.xctest */;
			productType = "com.apple.product-type.bundle.unit-test";
		};
/* End PBXNativeTarget section */

/* Begin PBXProject section */
		A166CE55205BABE20075730F /* Project object */ = {
			isa = PBXProject;
			attributes = {
				LastSwiftUpdateCheck = 0830;
				LastUpgradeCheck = 0830;
				ORGANIZATIONNAME = "Dilraj Singh";
				TargetAttributes = {
					A166CE5C205BABE20075730F = {
						CreatedOnToolsVersion = 8.3.3;
						ProvisioningStyle = Automatic;
					};
					A166CE70205BABE20075730F = {
						CreatedOnToolsVersion = 8.3.3;
						ProvisioningStyle = Automatic;
						TestTargetID = A166CE5C205BABE20075730F;
					};
				};
			};
			buildConfigurationList = A166CE58205BABE20075730F /* Build configuration list for PBXProject "Todo app" */;
			compatibilityVersion = "Xcode 3.2";
			developmentRegion = English;
			hasScannedForEncodings = 0;
			knownRegions = (
				en,
				Base,
			);
			mainGroup = A166CE54205BABE20075730F;
			productRefGroup = A166CE5E205BABE20075730F /* Products */;
			projectDirPath = "";
			projectRoot = "";
			targets = (
				A166CE5C205BABE20075730F /* Todo app */,
				A166CE70205BABE20075730F /* Todo appTests */,
			);
		};
/* End PBXProject section */

/* Begin PBXResourcesBuildPhase section */
		A166CE5B205BABE20075730F /* Resources */ = {
			isa = PBXResourcesBuildPhase;
			buildActionMask = 2147483647;
			files = (
				A166CE6B205BABE20075730F /* LaunchScreen.storyboard in Resources */,
				A166CE68205BABE20075730F /* Assets.xcassets in Resources */,
				A166CE66205BABE20075730F /* Main.storyboard in Resources */,
			);
			runOnlyForDeploymentPostprocessing = 0;
		};
		A166CE6F205BABE20075730F /* Resources */ = {
			isa = PBXResourcesBuildPhase;
			buildActionMask = 2147483647;
			files = (
			);
			runOnlyForDeploymentPostprocessing = 0;
		};
/* End PBXResourcesBuildPhase section */

/* Begin PBXSourcesBuildPhase section */
		A166CE59205BABE20075730F /* Sources */ = {
			isa = PBXSourcesBuildPhase;
			buildActionMask = 2147483647;
			files = (
				A166CE81205BB4D20075730F /* DoList.swift in Sources */,
				A166CE61205BABE20075730F /* AppDelegate.swift in Sources */,
				A166CE83205BDD770075730F /* DisplayListViewController.swift in Sources */,
			);
			runOnlyForDeploymentPostprocessing = 0;
		};
		A166CE6D205BABE20075730F /* Sources */ = {
			isa = PBXSourcesBuildPhase;
			buildActionMask = 2147483647;
			files = (
				A166CE76205BABE20075730F /* Todo_appTests.swift in Sources */,
			);
			runOnlyForDeploymentPostprocessing = 0;
		};
/* End PBXSourcesBuildPhase section */

/* Begin PBXTargetDependency section */
		A166CE73205BABE20075730F /* PBXTargetDependency */ = {
			isa = PBXTargetDependency;
			target = A166CE5C205BABE20075730F /* Todo app */;
			targetProxy = A166CE72205BABE20075730F /* PBXContainerItemProxy */;
		};
/* End PBXTargetDependency section */

/* Begin PBXVariantGroup section */
		A166CE64205BABE20075730F /* Main.storyboard */ = {
			isa = PBXVariantGroup;
			children = (
				A166CE65205BABE20075730F /* Base */,
			);
			name = Main.storyboard;
			sourceTree = "<group>";
		};
		A166CE69205BABE20075730F /* LaunchScreen.storyboard */ = {
			isa = PBXVariantGroup;
			children = (
				A166CE6A205BABE20075730F /* Base */,
			);
			name = LaunchScreen.storyboard;
			sourceTree = "<group>";
		};
/* End PBXVariantGroup section */

/* Begin XCBuildConfiguration section */
		A166CE78205BABE20075730F /* Debug */ = {
			isa = XCBuildConfiguration;
			buildSettings = {
				ALWAYS_SEARCH_USER_PATHS = NO;
				CLANG_ANALYZER_NONNULL = YES;
				CLANG_ANALYZER_NUMBER_OBJECT_CONVERSION = YES_AGGRESSIVE;
				CLANG_CXX_LANGUAGE_STANDARD = "gnu++0x";
				CLANG_CXX_LIBRARY = "libc++";
				CLANG_ENABLE_MODULES = YES;
				CLANG_ENABLE_OBJC_ARC = YES;
				CLANG_WARN_BOOL_CONVERSION = YES;
				CLANG_WARN_CONSTANT_CONVERSION = YES;
				CLANG_WARN_DIRECT_OBJC_ISA_USAGE = YES_ERROR;
				CLANG_WARN_DOCUMENTATION_COMMENTS = YES;
				CLANG_WARN_EMPTY_BODY = YES;
				CLANG_WARN_ENUM_CONVERSION = YES;
				CLANG_WARN_INFINITE_RECURSION = YES;
				CLANG_WARN_INT_CONVERSION = YES;
				CLANG_WARN_OBJC_ROOT_CLASS = YES_ERROR;
				CLANG_WARN_SUSPICIOUS_MOVE = YES;
				CLANG_WARN_UNREACHABLE_CODE = YES;
				CLANG_WARN__DUPLICATE_METHOD_MATCH = YES;
				"CODE_SIGN_IDENTITY[sdk=iphoneos*]" = "iPhone Developer";
				COPY_PHASE_STRIP = NO;
				DEBUG_INFORMATION_FORMAT = dwarf;
				ENABLE_STRICT_OBJC_MSGSEND = YES;
				ENABLE_TESTABILITY = YES;
				GCC_C_LANGUAGE_STANDARD = gnu99;
				GCC_DYNAMIC_NO_PIC = NO;
				GCC_NO_COMMON_BLOCKS = YES;
				GCC_OPTIMIZATION_LEVEL = 0;
				GCC_PREPROCESSOR_DEFINITIONS = (
					"DEBUG=1",
					"$(inherited)",
				);
				GCC_WARN_64_TO_32_BIT_CONVERSION = YES;
				GCC_WARN_ABOUT_RETURN_TYPE = YES_ERROR;
				GCC_WARN_UNDECLARED_SELECTOR = YES;
				GCC_WARN_UNINITIALIZED_AUTOS = YES_AGGRESSIVE;
				GCC_WARN_UNUSED_FUNCTION = YES;
				GCC_WARN_UNUSED_VARIABLE = YES;
				IPHONEOS_DEPLOYMENT_TARGET = 10.3;
				MTL_ENABLE_DEBUG_INFO = YES;
				ONLY_ACTIVE_ARCH = YES;
				SDKROOT = iphoneos;
				SWIFT_ACTIVE_COMPILATION_CONDITIONS = DEBUG;
				SWIFT_OPTIMIZATION_LEVEL = "-Onone";
			};
			name = Debug;
		};
		A166CE79205BABE20075730F /* Release */ = {
			isa = XCBuildConfiguration;
			buildSettings = {
				ALWAYS_SEARCH_USER_PATHS = NO;
				CLANG_ANALYZER_NONNULL = YES;
				CLANG_ANALYZER_NUMBER_OBJECT_CONVERSION = YES_AGGRESSIVE;
				CLANG_CXX_LANGUAGE_STANDARD = "gnu++0x";
				CLANG_CXX_LIBRARY = "libc++";
				CLANG_ENABLE_MODULES = YES;
				CLANG_ENABLE_OBJC_ARC = YES;
				CLANG_WARN_BOOL_CONVERSION = YES;
				CLANG_WARN_CONSTANT_CONVERSION = YES;
				CLANG_WARN_DIRECT_OBJC_ISA_USAGE = YES_ERROR;
				CLANG_WARN_DOCUMENTATION_COMMENTS = YES;
				CLANG_WARN_EMPTY_BODY = YES;
				CLANG_WARN_ENUM_CONVERSION = YES;
				CLANG_WARN_INFINITE_RECURSION = YES;
				CLANG_WARN_INT_CONVERSION = YES;
				CLANG_WARN_OBJC_ROOT_CLASS = YES_ERROR;
				CLANG_WARN_SUSPICIOUS_MOVE = YES;
				CLANG_WARN_UNREACHABLE_CODE = YES;
				CLANG_WARN__DUPLICATE_METHOD_MATCH = YES;
				"CODE_SIGN_IDENTITY[sdk=iphoneos*]" = "iPhone Developer";
				COPY_PHASE_STRIP = NO;
				DEBUG_INFORMATION_FORMAT = "dwarf-with-dsym";
				ENABLE_NS_ASSERTIONS = NO;
				ENABLE_STRICT_OBJC_MSGSEND = YES;
				GCC_C_LANGUAGE_STANDARD = gnu99;
				GCC_NO_COMMON_BLOCKS = YES;
				GCC_WARN_64_TO_32_BIT_CONVERSION = YES;
				GCC_WARN_ABOUT_RETURN_TYPE = YES_ERROR;
				GCC_WARN_UNDECLARED_SELECTOR = YES;
				GCC_WARN_UNINITIALIZED_AUTOS = YES_AGGRESSIVE;
				GCC_WARN_UNUSED_FUNCTION = YES;
				GCC_WARN_UNUSED_VARIABLE = YES;
				IPHONEOS_DEPLOYMENT_TARGET = 10.3;
				MTL_ENABLE_DEBUG_INFO = NO;
				SDKROOT = iphoneos;
				SWIFT_OPTIMIZATION_LEVEL = "-Owholemodule";
				VALIDATE_PRODUCT = YES;
			};
			name = Release;
		};
		A166CE7B205BABE20075730F /* Debug */ = {
			isa = XCBuildConfiguration;
			buildSettings = {
				ASSETCATALOG_COMPILER_APPICON_NAME = AppIcon;
				INFOPLIST_FILE = "Todo app/Info.plist";
				LD_RUNPATH_SEARCH_PATHS = "$(inherited) @executable_path/Frameworks";
				PRODUCT_BUNDLE_IDENTIFIER = "Dilraj.Todo-app";
				PRODUCT_NAME = "$(TARGET_NAME)";
				SWIFT_VERSION = 3.0;
			};
			name = Debug;
		};
		A166CE7C205BABE20075730F /* Release */ = {
			isa = XCBuildConfiguration;
			buildSettings = {
				ASSETCATALOG_COMPILER_APPICON_NAME = AppIcon;
				INFOPLIST_FILE = "Todo app/Info.plist";
				LD_RUNPATH_SEARCH_PATHS = "$(inherited) @executable_path/Frameworks";
				PRODUCT_BUNDLE_IDENTIFIER = "Dilraj.Todo-app";
				PRODUCT_NAME = "$(TARGET_NAME)";
				SWIFT_VERSION = 3.0;
			};
			name = Release;
		};
		A166CE7E205BABE20075730F /* Debug */ = {
			isa = XCBuildConfiguration;
			buildSettings = {
				ALWAYS_EMBED_SWIFT_STANDARD_LIBRARIES = YES;
				BUNDLE_LOADER = "$(TEST_HOST)";
				INFOPLIST_FILE = "Todo appTests/Info.plist";
				LD_RUNPATH_SEARCH_PATHS = "$(inherited) @executable_path/Frameworks @loader_path/Frameworks";
				PRODUCT_BUNDLE_IDENTIFIER = "Dilraj.Todo-appTests";
				PRODUCT_NAME = "$(TARGET_NAME)";
				SWIFT_VERSION = 3.0;
				TEST_HOST = "$(BUILT_PRODUCTS_DIR)/Todo app.app/Todo app";
			};
			name = Debug;
		};
		A166CE7F205BABE20075730F /* Release */ = {
			isa = XCBuildConfiguration;
			buildSettings = {
				ALWAYS_EMBED_SWIFT_STANDARD_LIBRARIES = YES;
				BUNDLE_LOADER = "$(TEST_HOST)";
				INFOPLIST_FILE = "Todo appTests/Info.plist";
				LD_RUNPATH_SEARCH_PATHS = "$(inherited) @executable_path/Frameworks @loader_path/Frameworks";
				PRODUCT_BUNDLE_IDENTIFIER = "Dilraj.Todo-appTests";
				PRODUCT_NAME = "$(TARGET_NAME)";
				SWIFT_VERSION = 3.0;
				TEST_HOST = "$(BUILT_PRODUCTS_DIR)/Todo app.app/Todo app";
			};
			name = Release;
		};
/* End XCBuildConfiguration section */

/* Begin XCConfigurationList section */
		A166CE58205BABE20075730F /* Build configuration list for PBXProject "Todo app" */ = {
			isa = XCConfigurationList;
			buildConfigurations = (
				A166CE78205BABE20075730F /* Debug */,
				A166CE79205BABE20075730F /* Release */,
			);
			defaultConfigurationIsVisible = 0;
			defaultConfigurationName = Release;
		};
		A166CE7A205BABE20075730F /* Build configuration list for PBXNativeTarget "Todo app" */ = {
			isa = XCConfigurationList;
			buildConfigurations = (
				A166CE7B205BABE20075730F /* Debug */,
				A166CE7C205BABE20075730F /* Release */,
			);
			defaultConfigurationIsVisible = 0;
		};
		A166CE7D205BABE20075730F /* Build configuration list for PBXNativeTarget "Todo appTests" */ = {
			isa = XCConfigurationList;
			buildConfigurations = (
				A166CE7E205BABE20075730F /* Debug */,
				A166CE7F205BABE20075730F /* Release */,
			);
			defaultConfigurationIsVisible = 0;
		};
/* End XCConfigurationList section */
	};
	rootObject = A166CE55205BABE20075730F /* Project object */;
}
